{
  "requires": true,
  "lockfileVersion": 1,
  "dependencies": {
    "fs-js": {
      "version": "1.0.6",
      "resolved": "https://registry.npmjs.org/fs-js/-/fs-js-1.0.6.tgz",
      "integrity": "sha1-/3FSECh4E5PGfeqJGog6vgShAKw="
    },
    "simple-drawing-board": {
      "version": "2.0.1",
      "resolved": "https://registry.npmjs.org/simple-drawing-board/-/simple-drawing-board-2.0.1.tgz",
      "integrity": "sha512-Qb35KTUAhP6/UPfnRReDjDuvgZWdfayIrDZypPHr1TXsHo6xohn+ZYXGCXSzql6DoTHLLwZUrih+WjZ2uBN5Pw=="
    }
  }
}
